
Microsoft Visual Studio Solution File, Format Version 12.00
# Visual Studio Version 17
VisualStudioVersion = 17.0.31903.59
MinimumVisualStudioVersion = 10.0.40219.1
Project("{2150E333-8FDC-42A3-9474-1A3956D46DE8}") = "src", "src", "{87DF9E5C-3DAE-443D-943E-820AA167A6B8}"
EndProject
Project("{FAE04EC0-301F-11D3-BF4B-00C04F79EFBC}") = "FirstRasterizedImage", "src\FirstRasterizedImage\FirstRasterizedImage.csproj", "{BE07832E-D656-4730-93F5-D9F9773733DB}"
EndProject
Project("{FAE04EC0-301F-11D3-BF4B-00C04F79EFBC}") = "SimpleCircle", "src\SimpleCircle\SimpleCircle.csproj", "{23DB9070-49F5-4EB1-BAE8-EF8BB5444E9F}"
EndProject
Project("{FAE04EC0-301F-11D3-BF4B-00C04F79EFBC}") = "VectorCircle", "src\VectorCircle\VectorCircle.csproj", "{98637197-14BB-4147-81DA-46458340944A}"
EndProject
Project("{FAE04EC0-301F-11D3-BF4B-00C04F79EFBC}") = "VectorSphere", "src\VectorSphere\VectorSphere.csproj", "{C53078C9-DCAF-4CC7-8F46-A06C33357D25}"
EndProject
Project("{FAE04EC0-301F-11D3-BF4B-00C04F79EFBC}") = "Common", "src\Common\Common.csproj", "{09B4B157-972A-4DA2-8D4E-F6521CB12887}"
EndProject
Project("{FAE04EC0-301F-11D3-BF4B-00C04F79EFBC}") = "MultipleCircles", "src\MultipleCircles\MultipleCircles.csproj", "{30722F23-357F-435C-BEB8-E4EDF36A68BA}"
EndProject
Project("{FAE04EC0-301F-11D3-BF4B-00C04F79EFBC}") = "MultipleSpheres", "src\MultipleSpheres\MultipleSpheres.csproj", "{FEF9BEF8-35E5-4D40-B136-E7B082B65AB0}"
EndProject
Project("{FAE04EC0-301F-11D3-BF4B-00C04F79EFBC}") = "RayTracer", "src\RayTracer\RayTracer.csproj", "{2DE53446-71D7-47CB-8806-48F967089835}"
EndProject
Global
	GlobalSection(SolutionConfigurationPlatforms) = preSolution
		Debug|Any CPU = Debug|Any CPU
		Release|Any CPU = Release|Any CPU
	EndGlobalSection
	GlobalSection(ProjectConfigurationPlatforms) = postSolution
		{BE07832E-D656-4730-93F5-D9F9773733DB}.Debug|Any CPU.ActiveCfg = Debug|Any CPU
		{BE07832E-D656-4730-93F5-D9F9773733DB}.Debug|Any CPU.Build.0 = Debug|Any CPU
		{BE07832E-D656-4730-93F5-D9F9773733DB}.Release|Any CPU.ActiveCfg = Release|Any CPU
		{BE07832E-D656-4730-93F5-D9F9773733DB}.Release|Any CPU.Build.0 = Release|Any CPU
		{23DB9070-49F5-4EB1-BAE8-EF8BB5444E9F}.Debug|Any CPU.ActiveCfg = Debug|Any CPU
		{23DB9070-49F5-4EB1-BAE8-EF8BB5444E9F}.Debug|Any CPU.Build.0 = Debug|Any CPU
		{23DB9070-49F5-4EB1-BAE8-EF8BB5444E9F}.Release|Any CPU.ActiveCfg = Release|Any CPU
		{23DB9070-49F5-4EB1-BAE8-EF8BB5444E9F}.Release|Any CPU.Build.0 = Release|Any CPU
		{98637197-14BB-4147-81DA-46458340944A}.Debug|Any CPU.ActiveCfg = Debug|Any CPU
		{98637197-14BB-4147-81DA-46458340944A}.Debug|Any CPU.Build.0 = Debug|Any CPU
		{98637197-14BB-4147-81DA-46458340944A}.Release|Any CPU.ActiveCfg = Release|Any CPU
		{98637197-14BB-4147-81DA-46458340944A}.Release|Any CPU.Build.0 = Release|Any CPU
		{C53078C9-DCAF-4CC7-8F46-A06C33357D25}.Debug|Any CPU.ActiveCfg = Debug|Any CPU
		{C53078C9-DCAF-4CC7-8F46-A06C33357D25}.Debug|Any CPU.Build.0 = Debug|Any CPU
		{C53078C9-DCAF-4CC7-8F46-A06C33357D25}.Release|Any CPU.ActiveCfg = Release|Any CPU
		{C53078C9-DCAF-4CC7-8F46-A06C33357D25}.Release|Any CPU.Build.0 = Release|Any CPU
		{09B4B157-972A-4DA2-8D4E-F6521CB12887}.Debug|Any CPU.ActiveCfg = Debug|Any CPU
		{09B4B157-972A-4DA2-8D4E-F6521CB12887}.Debug|Any CPU.Build.0 = Debug|Any CPU
		{09B4B157-972A-4DA2-8D4E-F6521CB12887}.Release|Any CPU.ActiveCfg = Release|Any CPU
		{09B4B157-972A-4DA2-8D4E-F6521CB12887}.Release|Any CPU.Build.0 = Release|Any CPU
		{30722F23-357F-435C-BEB8-E4EDF36A68BA}.Debug|Any CPU.ActiveCfg = Debug|Any CPU
		{30722F23-357F-435C-BEB8-E4EDF36A68BA}.Debug|Any CPU.Build.0 = Debug|Any CPU
		{30722F23-357F-435C-BEB8-E4EDF36A68BA}.Release|Any CPU.ActiveCfg = Release|Any CPU
		{30722F23-357F-435C-BEB8-E4EDF36A68BA}.Release|Any CPU.Build.0 = Release|Any CPU
		{FEF9BEF8-35E5-4D40-B136-E7B082B65AB0}.Debug|Any CPU.ActiveCfg = Debug|Any CPU
		{FEF9BEF8-35E5-4D40-B136-E7B082B65AB0}.Debug|Any CPU.Build.0 = Debug|Any CPU
		{FEF9BEF8-35E5-4D40-B136-E7B082B65AB0}.Release|Any CPU.ActiveCfg = Release|Any CPU
		{FEF9BEF8-35E5-4D40-B136-E7B082B65AB0}.Release|Any CPU.Build.0 = Release|Any CPU
		{2DE53446-71D7-47CB-8806-48F967089835}.Debug|Any CPU.ActiveCfg = Debug|Any CPU
		{2DE53446-71D7-47CB-8806-48F967089835}.Debug|Any CPU.Build.0 = Debug|Any CPU
		{2DE53446-71D7-47CB-8806-48F967089835}.Release|Any CPU.ActiveCfg = Release|Any CPU
		{2DE53446-71D7-47CB-8806-48F967089835}.Release|Any CPU.Build.0 = Release|Any CPU
	EndGlobalSection
	GlobalSection(SolutionProperties) = preSolution
		HideSolutionNode = FALSE
	EndGlobalSection
	GlobalSection(NestedProjects) = preSolution
		{BE07832E-D656-4730-93F5-D9F9773733DB} = {87DF9E5C-3DAE-443D-943E-820AA167A6B8}
		{23DB9070-49F5-4EB1-BAE8-EF8BB5444E9F} = {87DF9E5C-3DAE-443D-943E-820AA167A6B8}
		{98637197-14BB-4147-81DA-46458340944A} = {87DF9E5C-3DAE-443D-943E-820AA167A6B8}
		{C53078C9-DCAF-4CC7-8F46-A06C33357D25} = {87DF9E5C-3DAE-443D-943E-820AA167A6B8}
		{09B4B157-972A-4DA2-8D4E-F6521CB12887} = {87DF9E5C-3DAE-443D-943E-820AA167A6B8}
		{30722F23-357F-435C-BEB8-E4EDF36A68BA} = {87DF9E5C-3DAE-443D-943E-820AA167A6B8}
		{FEF9BEF8-35E5-4D40-B136-E7B082B65AB0} = {87DF9E5C-3DAE-443D-943E-820AA167A6B8}
		{2DE53446-71D7-47CB-8806-48F967089835} = {87DF9E5C-3DAE-443D-943E-820AA167A6B8}
	EndGlobalSection
	GlobalSection(ExtensibilityGlobals) = postSolution
		SolutionGuid = {0883A572-2F12-40FF-A386-7AF49AFF127B}
	EndGlobalSection
EndGlobal
