
Microsoft Visual Studio Solution File, Format Version 12.00
# Visual Studio Version 17
VisualStudioVersion = 17.0.31903.59
MinimumVisualStudioVersion = 10.0.40219.1
Project("{2150E333-8FDC-42A3-9474-1A3956D46DE8}") = "src", "src", "{87DF9E5C-3DAE-443D-943E-820AA167A6B8}"
EndProject
Project("{FAE04EC0-301F-11D3-BF4B-00C04F79EFBC}") = "HSLU.Raytracing", "src\HSLU.Raytracing\HSLU.Raytracing.csproj", "{5FC4C195-12BD-49F1-BC94-08200CFD3CBB}"
EndProject
Global
	GlobalSection(SolutionConfigurationPlatforms) = preSolution
		Debug|Any CPU = Debug|Any CPU
		Release|Any CPU = Release|Any CPU
	EndGlobalSection
	GlobalSection(SolutionProperties) = preSolution
		HideSolutionNode = FALSE
	EndGlobalSection
	GlobalSection(ProjectConfigurationPlatforms) = postSolution
		{5FC4C195-12BD-49F1-BC94-08200CFD3CBB}.Debug|Any CPU.ActiveCfg = Debug|Any CPU
		{5FC4C195-12BD-49F1-BC94-08200CFD3CBB}.Debug|Any CPU.Build.0 = Debug|Any CPU
		{5FC4C195-12BD-49F1-BC94-08200CFD3CBB}.Release|Any CPU.ActiveCfg = Release|Any CPU
		{5FC4C195-12BD-49F1-BC94-08200CFD3CBB}.Release|Any CPU.Build.0 = Release|Any CPU
	EndGlobalSection
	GlobalSection(NestedProjects) = preSolution
		{5FC4C195-12BD-49F1-BC94-08200CFD3CBB} = {87DF9E5C-3DAE-443D-943E-820AA167A6B8}
	EndGlobalSection
EndGlobal
